
Microsoft Visual Studio Solution File, Format Version 12.00
# Visual Studio Version 16
VisualStudioVersion = 16.0.31729.503
MinimumVisualStudioVersion = 10.0.40219.1
Project("{FAE04EC0-301F-11D3-BF4B-00C04F79EFBC}") = "DevCard_MVC", "DevCard_MVC\DevCard_MVC.csproj", "{AA6E5F3F-7D29-453F-BC34-E91D4B495005}"
EndProject
Global
	GlobalSection(SolutionConfigurationPlatforms) = preSolution
		Debug|Any CPU = Debug|Any CPU
		Release|Any CPU = Release|Any CPU
	EndGlobalSection
	GlobalSection(ProjectConfigurationPlatforms) = postSolution
		{AA6E5F3F-7D29-453F-BC34-E91D4B495005}.Debug|Any CPU.ActiveCfg = Debug|Any CPU
		{AA6E5F3F-7D29-453F-BC34-E91D4B495005}.Debug|Any CPU.Build.0 = Debug|Any CPU
		{AA6E5F3F-7D29-453F-BC34-E91D4B495005}.Release|Any CPU.ActiveCfg = Release|Any CPU
		{AA6E5F3F-7D29-453F-BC34-E91D4B495005}.Release|Any CPU.Build.0 = Release|Any CPU
	EndGlobalSection
	GlobalSection(SolutionProperties) = preSolution
		HideSolutionNode = FALSE
	EndGlobalSection
	GlobalSection(ExtensibilityGlobals) = postSolution
		SolutionGuid = {12358820-9377-47A7-979B-A6E3C3539DDB}
	EndGlobalSection
EndGlobal
